# THIS IS AN AUTOGENERATED FILE. DO NOT EDIT THIS FILE DIRECTLY.
# yarn lockfile v1


"@types/three@^0.136.1":
  version "0.136.1"
  resolved "https://registry.yarnpkg.com/@types/three/-/three-0.136.1.tgz#030fc01cdc5ce82cad93db17b94a24515cb4b50e"
  integrity sha512-gzTw6RR4dU8sGf+RpLBWWKHRVIJ4gwKVQPk+IFCgha04Efg/itXYUalX6iBcYeSmaDu0qE5M7uTq0XLQpU4FAg==

save-dev@^0.0.1-security:
  version "0.0.1-security"
  resolved "https://registry.yarnpkg.com/save-dev/-/save-dev-0.0.1-security.tgz#5eb7267e25a8709c20ac336f0101c8d35900ca5e"
  integrity sha512-k6knZTDNK8PKKbIqnvxiOveJinuw2LcQjqDoaorZWP9M5AR2EPsnpDeSbeoZZ0pHr5ze1uoaKdK8NBGQrJ34Uw==

three-orbit-controls@^82.1.0:
  version "82.1.0"
  resolved "https://registry.yarnpkg.com/three-orbit-controls/-/three-orbit-controls-82.1.0.tgz#11a7f33d0a20ecec98f098b37780f6537374fab4"
  integrity sha1-EafzPQog7OyY8Jizd4D2U3N0+rQ=

three@^0.136.0:
  version "0.136.0"
  resolved "https://registry.yarnpkg.com/three/-/three-0.136.0.tgz#b1504db021b46398ef468aa7849f3dcabb814f50"
  integrity sha512-+fEMX7nYLz2ZesVP/dyifli5Jf8gR3XPAnFJveQ80aMhibFduzrADnjMbARXh8+W9qLK7rshJCjAIL/6cDxC+A==
